
Microsoft Visual Studio Solution File, Format Version 12.00
# Visual Studio Version 17
VisualStudioVersion = 17.8.34309.116
MinimumVisualStudioVersion = 10.0.40219.1
Project("{9A19103F-16F7-4668-BE54-9A1E7A4F7556}") = "3DHistech.IdentityServer4", "3DHistech.IdentityServer4\3DHistech.IdentityServer4.csproj", "{5263AD74-1A8B-4E59-8BAC-DFF66440B4E0}"
EndProject
Project("{2150E333-8FDC-42A3-9474-1A3956D46DE8}") = "Tests", "Tests", "{12BD94B6-5BCD-4347-932F-D7F35C5E04F5}"
EndProject
Project("{9A19103F-16F7-4668-BE54-9A1E7A4F7556}") = "3DHistech.IdentityServer4.IntegrationTests", "Tests\3DHistech.IdentityServer4.IntegrationTests\3DHistech.IdentityServer4.IntegrationTests.csproj", "{FD1B724E-57DD-4281-A09E-B9941D1877E6}"
EndProject
Project("{9A19103F-16F7-4668-BE54-9A1E7A4F7556}") = "3DHistech.IdentityServer4.UnitTests", "Tests\3DHistech.IdentityServer4.UnitTests\3DHistech.IdentityServer4.UnitTests.csproj", "{3E5AC749-A79B-42F2-9A5C-16196D9898E4}"
EndProject
Project("{FAE04EC0-301F-11D3-BF4B-00C04F79EFBC}") = "3DHistech.IdentityServer4.EntityFramework.Storage", "3DHistech.IdentityServer4.EntityFramework.Storage\3DHistech.IdentityServer4.EntityFramework.Storage.csproj", "{95DBDC71-5B8A-410A-A8B0-19A7A9EC1D55}"
EndProject
Project("{FAE04EC0-301F-11D3-BF4B-00C04F79EFBC}") = "3DHistech.IdentityServer4.EntityFramework", "3DHistech.IdentityServer4.EntityFramework\3DHistech.IdentityServer4.EntityFramework.csproj", "{CFB3D947-C3BB-4774-B7CF-D50D14EADA2D}"
EndProject
Global
	GlobalSection(SolutionConfigurationPlatforms) = preSolution
		Debug|Any CPU = Debug|Any CPU
		Release|Any CPU = Release|Any CPU
	EndGlobalSection
	GlobalSection(ProjectConfigurationPlatforms) = postSolution
		{5263AD74-1A8B-4E59-8BAC-DFF66440B4E0}.Debug|Any CPU.ActiveCfg = Debug|Any CPU
		{5263AD74-1A8B-4E59-8BAC-DFF66440B4E0}.Debug|Any CPU.Build.0 = Debug|Any CPU
		{5263AD74-1A8B-4E59-8BAC-DFF66440B4E0}.Release|Any CPU.ActiveCfg = Release|Any CPU
		{5263AD74-1A8B-4E59-8BAC-DFF66440B4E0}.Release|Any CPU.Build.0 = Release|Any CPU
		{FD1B724E-57DD-4281-A09E-B9941D1877E6}.Debug|Any CPU.ActiveCfg = Debug|Any CPU
		{FD1B724E-57DD-4281-A09E-B9941D1877E6}.Debug|Any CPU.Build.0 = Debug|Any CPU
		{FD1B724E-57DD-4281-A09E-B9941D1877E6}.Release|Any CPU.ActiveCfg = Release|Any CPU
		{FD1B724E-57DD-4281-A09E-B9941D1877E6}.Release|Any CPU.Build.0 = Release|Any CPU
		{3E5AC749-A79B-42F2-9A5C-16196D9898E4}.Debug|Any CPU.ActiveCfg = Debug|Any CPU
		{3E5AC749-A79B-42F2-9A5C-16196D9898E4}.Debug|Any CPU.Build.0 = Debug|Any CPU
		{3E5AC749-A79B-42F2-9A5C-16196D9898E4}.Release|Any CPU.ActiveCfg = Release|Any CPU
		{3E5AC749-A79B-42F2-9A5C-16196D9898E4}.Release|Any CPU.Build.0 = Release|Any CPU
		{95DBDC71-5B8A-410A-A8B0-19A7A9EC1D55}.Debug|Any CPU.ActiveCfg = Debug|Any CPU
		{95DBDC71-5B8A-410A-A8B0-19A7A9EC1D55}.Debug|Any CPU.Build.0 = Debug|Any CPU
		{95DBDC71-5B8A-410A-A8B0-19A7A9EC1D55}.Release|Any CPU.ActiveCfg = Release|Any CPU
		{95DBDC71-5B8A-410A-A8B0-19A7A9EC1D55}.Release|Any CPU.Build.0 = Release|Any CPU
		{CFB3D947-C3BB-4774-B7CF-D50D14EADA2D}.Debug|Any CPU.ActiveCfg = Debug|Any CPU
		{CFB3D947-C3BB-4774-B7CF-D50D14EADA2D}.Debug|Any CPU.Build.0 = Debug|Any CPU
		{CFB3D947-C3BB-4774-B7CF-D50D14EADA2D}.Release|Any CPU.ActiveCfg = Release|Any CPU
		{CFB3D947-C3BB-4774-B7CF-D50D14EADA2D}.Release|Any CPU.Build.0 = Release|Any CPU
	EndGlobalSection
	GlobalSection(SolutionProperties) = preSolution
		HideSolutionNode = FALSE
	EndGlobalSection
	GlobalSection(NestedProjects) = preSolution
		{FD1B724E-57DD-4281-A09E-B9941D1877E6} = {12BD94B6-5BCD-4347-932F-D7F35C5E04F5}
		{3E5AC749-A79B-42F2-9A5C-16196D9898E4} = {12BD94B6-5BCD-4347-932F-D7F35C5E04F5}
	EndGlobalSection
	GlobalSection(ExtensibilityGlobals) = postSolution
		SolutionGuid = {31EBB513-08D3-43C8-8374-6B155302CFA1}
	EndGlobalSection
EndGlobal
